Microsoft Visual Studio Solution File, Format Version 12.00
# Visual Studio Version 17
VisualStudioVersion = 17.5.2.0
MinimumVisualStudioVersion = 10.0.40219.1
Project("{FAE04EC0-301F-11D3-BF4B-00C04F79EFBC}") = "Sqlite_Csharp", "Sqlite_Csharp.csproj", "{16A28ADD-1929-8666-DAF0-29729E184D63}"
EndProject
Global
	GlobalSection(SolutionConfigurationPlatforms) = preSolution
		Debug|Any CPU = Debug|Any CPU
		Release|Any CPU = Release|Any CPU
	EndGlobalSection
	GlobalSection(ProjectConfigurationPlatforms) = postSolution
		{16A28ADD-1929-8666-DAF0-29729E184D63}.Debug|Any CPU.ActiveCfg = Debug|Any CPU
		{16A28ADD-1929-8666-DAF0-29729E184D63}.Debug|Any CPU.Build.0 = Debug|Any CPU
		{16A28ADD-1929-8666-DAF0-29729E184D63}.Release|Any CPU.ActiveCfg = Release|Any CPU
		{16A28ADD-1929-8666-DAF0-29729E184D63}.Release|Any CPU.Build.0 = Release|Any CPU
	EndGlobalSection
	GlobalSection(SolutionProperties) = preSolution
		HideSolutionNode = FALSE
	EndGlobalSection
	GlobalSection(ExtensibilityGlobals) = postSolution
		SolutionGuid = {C595A238-3D17-4117-AFA2-9F7313C9A881}
	EndGlobalSection
EndGlobal
